
Microsoft Visual Studio Solution File, Format Version 12.00
# Visual Studio Version 17
VisualStudioVersion = 17.1.32228.430
MinimumVisualStudioVersion = 10.0.40219.1
Project("{FAE04EC0-301F-11D3-BF4B-00C04F79EFBC}") = "Notlar_9", "Notlar_9.csproj", "{CA8793F7-E18C-4B7F-BA62-AE91FE03AA71}"
EndProject
Global
	GlobalSection(SolutionConfigurationPlatforms) = preSolution
		Debug|Any CPU = Debug|Any CPU
		Release|Any CPU = Release|Any CPU
	EndGlobalSection
	GlobalSection(ProjectConfigurationPlatforms) = postSolution
		{CA8793F7-E18C-4B7F-BA62-AE91FE03AA71}.Debug|Any CPU.ActiveCfg = Debug|Any CPU
		{CA8793F7-E18C-4B7F-BA62-AE91FE03AA71}.Debug|Any CPU.Build.0 = Debug|Any CPU
		{CA8793F7-E18C-4B7F-BA62-AE91FE03AA71}.Release|Any CPU.ActiveCfg = Release|Any CPU
		{CA8793F7-E18C-4B7F-BA62-AE91FE03AA71}.Release|Any CPU.Build.0 = Release|Any CPU
	EndGlobalSection
	GlobalSection(SolutionProperties) = preSolution
		HideSolutionNode = FALSE
	EndGlobalSection
	GlobalSection(ExtensibilityGlobals) = postSolution
		SolutionGuid = {F8A9BB1A-5CD4-4AF7-8F82-40510629B0AA}
	EndGlobalSection
EndGlobal
