
Microsoft Visual Studio Solution File, Format Version 12.00
# Visual Studio Version 17
VisualStudioVersion = 17.1.32228.430
MinimumVisualStudioVersion = 10.0.40219.1
Project("{FAE04EC0-301F-11D3-BF4B-00C04F79EFBC}") = "Notlar_1", "Notlar_1.csproj", "{545D2D32-BC04-40E1-88D8-83F8201C643F}"
EndProject
Global
	GlobalSection(SolutionConfigurationPlatforms) = preSolution
		Debug|Any CPU = Debug|Any CPU
		Release|Any CPU = Release|Any CPU
	EndGlobalSection
	GlobalSection(ProjectConfigurationPlatforms) = postSolution
		{545D2D32-BC04-40E1-88D8-83F8201C643F}.Debug|Any CPU.ActiveCfg = Debug|Any CPU
		{545D2D32-BC04-40E1-88D8-83F8201C643F}.Debug|Any CPU.Build.0 = Debug|Any CPU
		{545D2D32-BC04-40E1-88D8-83F8201C643F}.Release|Any CPU.ActiveCfg = Release|Any CPU
		{545D2D32-BC04-40E1-88D8-83F8201C643F}.Release|Any CPU.Build.0 = Release|Any CPU
	EndGlobalSection
	GlobalSection(SolutionProperties) = preSolution
		HideSolutionNode = FALSE
	EndGlobalSection
	GlobalSection(ExtensibilityGlobals) = postSolution
		SolutionGuid = {E345A9AA-32C0-47E6-9854-2EB3FD47B91A}
	EndGlobalSection
EndGlobal
